
Microsoft Visual Studio Solution File, Format Version 12.00
# Visual Studio Version 17
VisualStudioVersion = 17.4.33213.308
MinimumVisualStudioVersion = 10.0.40219.1
Project("{FAE04EC0-301F-11D3-BF4B-00C04F79EFBC}") = "API", "API\API.csproj", "{5A3F07B9-1428-4003-89CD-C36C75096E9A}"
EndProject
Project("{FAE04EC0-301F-11D3-BF4B-00C04F79EFBC}") = "PostIT App", "PostIT App\PostIT App.csproj", "{E2761F92-51DB-4312-94A5-7A19E17EE683}"
EndProject
Project("{FAE04EC0-301F-11D3-BF4B-00C04F79EFBC}") = "PostIT Lib", "PostIT Lib\PostIT Lib.csproj", "{56CC0082-1576-4128-9BF4-ABC6E4EC56FD}"
EndProject
Project("{FAE04EC0-301F-11D3-BF4B-00C04F79EFBC}") = "PostIT WebApp", "PostIT WebApp\PostIT WebApp.csproj", "{99209C91-CFFB-4D33-9583-963032E2AA19}"
EndProject
Global
	GlobalSection(SolutionConfigurationPlatforms) = preSolution
		Debug|Any CPU = Debug|Any CPU
		Release|Any CPU = Release|Any CPU
	EndGlobalSection
	GlobalSection(ProjectConfigurationPlatforms) = postSolution
		{5A3F07B9-1428-4003-89CD-C36C75096E9A}.Debug|Any CPU.ActiveCfg = Debug|Any CPU
		{5A3F07B9-1428-4003-89CD-C36C75096E9A}.Debug|Any CPU.Build.0 = Debug|Any CPU
		{5A3F07B9-1428-4003-89CD-C36C75096E9A}.Release|Any CPU.ActiveCfg = Release|Any CPU
		{5A3F07B9-1428-4003-89CD-C36C75096E9A}.Release|Any CPU.Build.0 = Release|Any CPU
		{E2761F92-51DB-4312-94A5-7A19E17EE683}.Debug|Any CPU.ActiveCfg = Debug|Any CPU
		{E2761F92-51DB-4312-94A5-7A19E17EE683}.Debug|Any CPU.Build.0 = Debug|Any CPU
		{E2761F92-51DB-4312-94A5-7A19E17EE683}.Debug|Any CPU.Deploy.0 = Debug|Any CPU
		{E2761F92-51DB-4312-94A5-7A19E17EE683}.Release|Any CPU.ActiveCfg = Release|Any CPU
		{E2761F92-51DB-4312-94A5-7A19E17EE683}.Release|Any CPU.Build.0 = Release|Any CPU
		{E2761F92-51DB-4312-94A5-7A19E17EE683}.Release|Any CPU.Deploy.0 = Release|Any CPU
		{56CC0082-1576-4128-9BF4-ABC6E4EC56FD}.Debug|Any CPU.ActiveCfg = Debug|Any CPU
		{56CC0082-1576-4128-9BF4-ABC6E4EC56FD}.Debug|Any CPU.Build.0 = Debug|Any CPU
		{56CC0082-1576-4128-9BF4-ABC6E4EC56FD}.Release|Any CPU.ActiveCfg = Release|Any CPU
		{56CC0082-1576-4128-9BF4-ABC6E4EC56FD}.Release|Any CPU.Build.0 = Release|Any CPU
		{99209C91-CFFB-4D33-9583-963032E2AA19}.Debug|Any CPU.ActiveCfg = Debug|Any CPU
		{99209C91-CFFB-4D33-9583-963032E2AA19}.Debug|Any CPU.Build.0 = Debug|Any CPU
		{99209C91-CFFB-4D33-9583-963032E2AA19}.Release|Any CPU.ActiveCfg = Release|Any CPU
		{99209C91-CFFB-4D33-9583-963032E2AA19}.Release|Any CPU.Build.0 = Release|Any CPU
	EndGlobalSection
	GlobalSection(SolutionProperties) = preSolution
		HideSolutionNode = FALSE
	EndGlobalSection
	GlobalSection(ExtensibilityGlobals) = postSolution
		SolutionGuid = {5ED40C91-9DD4-4F3D-A57A-16175CFB3A2C}
	EndGlobalSection
EndGlobal
